// !$*UTF8*$!
{
	archiveVersion = 1;
	classes = {
	};
	objectVersion = 50;
	objects = {

/* Begin PBXBuildFile section */
		136E835924830B4900EAE41D /* AppDelegate.swift in Sources */ = {isa = PBXBuildFile; fileRef = 136E835824830B4900EAE41D /* AppDelegate.swift */; };
		136E835B24830B4900EAE41D /* SceneDelegate.swift in Sources */ = {isa = PBXBuildFile; fileRef = 136E835A24830B4900EAE41D /* SceneDelegate.swift */; };
		136E835D24830B4900EAE41D /* ViewController.swift in Sources */ = {isa = PBXBuildFile; fileRef = 136E835C24830B4900EAE41D /* ViewController.swift */; };
		136E836024830B4900EAE41D /* Main.storyboard in Resources */ = {isa = PBXBuildFile; fileRef = 136E835E24830B4900EAE41D /* Main.storyboard */; };
		136E836224830B5100EAE41D /* Assets.xcassets in Resources */ = {isa = PBXBuildFile; fileRef = 136E836124830B5100EAE41D /* Assets.xcassets */; };
		136E836524830B5100EAE41D /* LaunchScreen.storyboard in Resources */ = {isa = PBXBuildFile; fileRef = 136E836324830B5100EAE41D /* LaunchScreen.storyboard */; };
/* End PBXBuildFile section */

/* Begin PBXFileReference section */
		136E835524830B4900EAE41D /* Seeking FBB.app */ = {isa = PBXFileReference; explicitFileType = wrapper.application; includeInIndex = 0; path = "Seeking FBB.app"; sourceTree = BUILT_PRODUCTS_DIR; };
		136E835824830B4900EAE41D /* AppDelegate.swift */ = {isa = PBXFileReference; lastKnownFileType = sourcecode.swift; path = AppDelegate.swift; sourceTree = "<group>"; };
		136E835A24830B4900EAE41D /* SceneDelegate.swift */ = {isa = PBXFileReference; lastKnownFileType = sourcecode.swift; path = SceneDelegate.swift; sourceTree = "<group>"; };
		136E835C24830B4900EAE41D /* ViewController.swift */ = {isa = PBXFileReference; lastKnownFileType = sourcecode.swift; path = ViewController.swift; sourceTree = "<group>"; };
		136E835F24830B4900EAE41D /* Base */ = {isa = PBXFileReference; lastKnownFileType = file.storyboard; name = Base; path = Base.lproj/Main.storyboard; sourceTree = "<group>"; };
		136E836124830B5100EAE41D /* Assets.xcassets */ = {isa = PBXFileReference; lastKnownFileType = folder.assetcatalog; path = Assets.xcassets; sourceTree = "<group>"; };
		136E836424830B5100EAE41D /* Base */ = {isa = PBXFileReference; lastKnownFileType = file.storyboard; name = Base; path = Base.lproj/LaunchScreen.storyboard; sourceTree = "<group>"; };
		136E836624830B5100EAE41D /* Info.plist */ = {isa = PBXFileReference; lastKnownFileType = text.plist.xml; path = Info.plist; sourceTree = "<group>"; };
/* End PBXFileReference section */

/* Begin PBXFrameworksBuildPhase section */
		136E835224830B4900EAE41D /* Frameworks */ = {
			isa = PBXFrameworksBuildPhase;
			buildActionMask = 2147483647;
			files = (
			);
			runOnlyForDeploymentPostprocessing = 0;
		};
/* End PBXFrameworksBuildPhase section */

/* Begin PBXGroup section */
		136E834C24830B4900EAE41D = {
			isa = PBXGroup;
			children = (
				136E835724830B4900EAE41D /* Seeking FBB */,
				136E835624830B4900EAE41D /* Products */,
			);
			sourceTree = "<group>";
		};
		136E835624830B4900EAE41D /* Products */ = {
			isa = PBXGroup;
			children = (
				136E835524830B4900EAE41D /* Seeking FBB.app */,
			);
			name = Products;
			sourceTree = "<group>";
		};
		136E835724830B4900EAE41D /* Seeking FBB */ = {
			isa = PBXGroup;
			children = (
				136E835824830B4900EAE41D /* AppDelegate.swift */,
				136E835A24830B4900EAE41D /* SceneDelegate.swift */,
				136E835C24830B4900EAE41D /* ViewController.swift */,
				136E835E24830B4900EAE41D /* Main.storyboard */,
				136E836124830B5100EAE41D /* Assets.xcassets */,
				136E836324830B5100EAE41D /* LaunchScreen.storyboard */,
				136E836624830B5100EAE41D /* Info.plist */,
			);
			path = "Seeking FBB";
			sourceTree = "<group>";
		};
/* End PBXGroup section */

/* Begin PBXNativeTarget section */
		136E835424830B4900EAE41D /* Seeking FBB */ = {
			isa = PBXNativeTarget;
			buildConfigurationList = 136E836924830B5100EAE41D /* Build configuration list for PBXNativeTarget "Seeking FBB" */;
			buildPhases = (
				136E835124830B4900EAE41D /* Sources */,
				136E835224830B4900EAE41D /* Frameworks */,
				136E835324830B4900EAE41D /* Resources */,
			);
			buildRules = (
			);
			dependencies = (
			);
			name = "Seeking FBB";
			productName = "Seeking FBB";
			productReference = 136E835524830B4900EAE41D /* Seeking FBB.app */;
			productType = "com.apple.product-type.application";
		};
/* End PBXNativeTarget section */

/* Begin PBXProject section */
		136E834D24830B4900EAE41D /* Project object */ = {
			isa = PBXProject;
			attributes = {
				LastSwiftUpdateCheck = 1150;
				LastUpgradeCheck = 1150;
				ORGANIZATIONNAME = "Jair-Rohm Wells";
				TargetAttributes = {
					136E835424830B4900EAE41D = {
						CreatedOnToolsVersion = 11.5;
					};
				};
			};
			buildConfigurationList = 136E835024830B4900EAE41D /* Build configuration list for PBXProject "Seeking FBB" */;
			compatibilityVersion = "Xcode 9.3";
			developmentRegion = en;
			hasScannedForEncodings = 0;
			knownRegions = (
				en,
				Base,
			);
			mainGroup = 136E834C24830B4900EAE41D;
			productRefGroup = 136E835624830B4900EAE41D /* Products */;
			projectDirPath = "";
			projectRoot = "";
			targets = (
				136E835424830B4900EAE41D /* Seeking FBB */,
			);
		};
/* End PBXProject section */

/* Begin PBXResourcesBuildPhase section */
		136E835324830B4900EAE41D /* Resources */ = {
			isa = PBXResourcesBuildPhase;
			buildActionMask = 2147483647;
			files = (
				136E836524830B5100EAE41D /* LaunchScreen.storyboard in Resources */,
				136E836224830B5100EAE41D /* Assets.xcassets in Resources */,
				136E836024830B4900EAE41D /* Main.storyboard in Resources */,
			);
			runOnlyForDeploymentPostprocessing = 0;
		};
/* End PBXResourcesBuildPhase section */

/* Begin PBXSourcesBuildPhase section */
		136E835124830B4900EAE41D /* Sources */ = {
			isa = PBXSourcesBuildPhase;
			buildActionMask = 2147483647;
			files = (
				136E835D24830B4900EAE41D /* ViewController.swift in Sources */,
				136E835924830B4900EAE41D /* AppDelegate.swift in Sources */,
				136E835B24830B4900EAE41D /* SceneDelegate.swift in Sources */,
			);
			runOnlyForDeploymentPostprocessing = 0;
		};
/* End PBXSourcesBuildPhase section */

/* Begin PBXVariantGroup section */
		136E835E24830B4900EAE41D /* Main.storyboard */ = {
			isa = PBXVariantGroup;
			children = (
				136E835F24830B4900EAE41D /* Base */,
			);
			name = Main.storyboard;
			sourceTree = "<group>";
		};
		136E836324830B5100EAE41D /* LaunchScreen.storyboard */ = {
			isa = PBXVariantGroup;
			children = (
				136E836424830B5100EAE41D /* Base */,
			);
			name = LaunchScreen.storyboard;
			sourceTree = "<group>";
		};
/* End PBXVariantGroup section */

/* Begin XCBuildConfiguration section */
		136E836724830B5100EAE41D /* Debug */ = {
			isa = XCBuildConfiguration;
			buildSettings = {
				ALWAYS_SEARCH_USER_PATHS = NO;
				CLANG_ANALYZER_NONNULL = YES;
				CLANG_ANALYZER_NUMBER_OBJECT_CONVERSION = YES_AGGRESSIVE;
				CLANG_CXX_LANGUAGE_STANDARD = "gnu++14";
				CLANG_CXX_LIBRARY = "libc++";
				CLANG_ENABLE_MODULES = YES;
				CLANG_ENABLE_OBJC_ARC = YES;
				CLANG_ENABLE_OBJC_WEAK = YES;
				CLANG_WARN_BLOCK_CAPTURE_AUTORELEASING = YES;
				CLANG_WARN_BOOL_CONVERSION = YES;
				CLANG_WARN_COMMA = YES;
				CLANG_WARN_CONSTANT_CONVERSION = YES;
				CLANG_WARN_DEPRECATED_OBJC_IMPLEMENTATIONS = YES;
				CLANG_WARN_DIRECT_OBJC_ISA_USAGE = YES_ERROR;
				CLANG_WARN_DOCUMENTATION_COMMENTS = YES;
				CLANG_WARN_EMPTY_BODY = YES;
				CLANG_WARN_ENUM_CONVERSION = YES;
				CLANG_WARN_INFINITE_RECURSION = YES;
				CLANG_WARN_INT_CONVERSION = YES;
				CLANG_WARN_NON_LITERAL_NULL_CONVERSION = YES;
				CLANG_WARN_OBJC_IMPLICIT_RETAIN_SELF = YES;
				CLANG_WARN_OBJC_LITERAL_CONVERSION = YES;
				CLANG_WARN_OBJC_ROOT_CLASS = YES_ERROR;
				CLANG_WARN_RANGE_LOOP_ANALYSIS = YES;
				CLANG_WARN_STRICT_PROTOTYPES = YES;
				CLANG_WARN_SUSPICIOUS_MOVE = YES;
				CLANG_WARN_UNGUARDED_AVAILABILITY = YES_AGGRESSIVE;
				CLANG_WARN_UNREACHABLE_CODE = YES;
				CLANG_WARN__DUPLICATE_METHOD_MATCH = YES;
				COPY_PHASE_STRIP = NO;
				DEBUG_INFORMATION_FORMAT = dwarf;
				ENABLE_STRICT_OBJC_MSGSEND = YES;
				ENABLE_TESTABILITY = YES;
				GCC_C_LANGUAGE_STANDARD = gnu11;
				GCC_DYNAMIC_NO_PIC = NO;
				GCC_NO_COMMON_BLOCKS = YES;
				GCC_OPTIMIZATION_LEVEL = 0;
				GCC_PREPROCESSOR_DEFINITIONS = (
					"DEBUG=1",
					"$(inherited)",
				);
				GCC_WARN_64_TO_32_BIT_CONVERSION = YES;
				GCC_WARN_ABOUT_RETURN_TYPE = YES_ERROR;
				GCC_WARN_UNDECLARED_SELECTOR = YES;
				GCC_WARN_UNINITIALIZED_AUTOS = YES_AGGRESSIVE;
				GCC_WARN_UNUSED_FUNCTION = YES;
				GCC_WARN_UNUSED_VARIABLE = YES;
				IPHONEOS_DEPLOYMENT_TARGET = 13.5;
				MTL_ENABLE_DEBUG_INFO = INCLUDE_SOURCE;
				MTL_FAST_MATH = YES;
				ONLY_ACTIVE_ARCH = YES;
				SDKROOT = iphoneos;
				SWIFT_ACTIVE_COMPILATION_CONDITIONS = DEBUG;
				SWIFT_OPTIMIZATION_LEVEL = "-Onone";
			};
			name = Debug;
		};
		136E836824830B5100EAE41D /* Release */ = {
			isa = XCBuildConfiguration;
			buildSettings = {
				ALWAYS_SEARCH_USER_PATHS = NO;
				CLANG_ANALYZER_NONNULL = YES;
				CLANG_ANALYZER_NUMBER_OBJECT_CONVERSION = YES_AGGRESSIVE;
				CLANG_CXX_LANGUAGE_STANDARD = "gnu++14";
				CLANG_CXX_LIBRARY = "libc++";
				CLANG_ENABLE_MODULES = YES;
				CLANG_ENABLE_OBJC_ARC = YES;
				CLANG_ENABLE_OBJC_WEAK = YES;
				CLANG_WARN_BLOCK_CAPTURE_AUTORELEASING = YES;
				CLANG_WARN_BOOL_CONVERSION = YES;
				CLANG_WARN_COMMA = YES;
				CLANG_WARN_CONSTANT_CONVERSION = YES;
				CLANG_WARN_DEPRECATED_OBJC_IMPLEMENTATIONS = YES;
				CLANG_WARN_DIRECT_OBJC_ISA_USAGE = YES_ERROR;
				CLANG_WARN_DOCUMENTATION_COMMENTS = YES;
				CLANG_WARN_EMPTY_BODY = YES;
				CLANG_WARN_ENUM_CONVERSION = YES;
				CLANG_WARN_INFINITE_RECURSION = YES;
				CLANG_WARN_INT_CONVERSION = YES;
				CLANG_WARN_NON_LITERAL_NULL_CONVERSION = YES;
				CLANG_WARN_OBJC_IMPLICIT_RETAIN_SELF = YES;
				CLANG_WARN_OBJC_LITERAL_CONVERSION = YES;
				CLANG_WARN_OBJC_ROOT_CLASS = YES_ERROR;
				CLANG_WARN_RANGE_LOOP_ANALYSIS = YES;
				CLANG_WARN_STRICT_PROTOTYPES = YES;
				CLANG_WARN_SUSPICIOUS_MOVE = YES;
				CLANG_WARN_UNGUARDED_AVAILABILITY = YES_AGGRESSIVE;
				CLANG_WARN_UNREACHABLE_CODE = YES;
				CLANG_WARN__DUPLICATE_METHOD_MATCH = YES;
				COPY_PHASE_STRIP = NO;
				DEBUG_INFORMATION_FORMAT = "dwarf-with-dsym";
				ENABLE_NS_ASSERTIONS = NO;
				ENABLE_STRICT_OBJC_MSGSEND = YES;
				GCC_C_LANGUAGE_STANDARD = gnu11;
				GCC_NO_COMMON_BLOCKS = YES;
				GCC_WARN_64_TO_32_BIT_CONVERSION = YES;
				GCC_WARN_ABOUT_RETURN_TYPE = YES_ERROR;
				GCC_WARN_UNDECLARED_SELECTOR = YES;
				GCC_WARN_UNINITIALIZED_AUTOS = YES_AGGRESSIVE;
				GCC_WARN_UNUSED_FUNCTION = YES;
				GCC_WARN_UNUSED_VARIABLE = YES;
				IPHONEOS_DEPLOYMENT_TARGET = 13.5;
				MTL_ENABLE_DEBUG_INFO = NO;
				MTL_FAST_MATH = YES;
				SDKROOT = iphoneos;
				SWIFT_COMPILATION_MODE = wholemodule;
				SWIFT_OPTIMIZATION_LEVEL = "-O";
				VALIDATE_PRODUCT = YES;
			};
			name = Release;
		};
		136E836A24830B5100EAE41D /* Debug */ = {
			isa = XCBuildConfiguration;
			buildSettings = {
				ASSETCATALOG_COMPILER_APPICON_NAME = AppIcon;
				CODE_SIGN_STYLE = Automatic;
				DEVELOPMENT_TEAM = LJ45VYMT6A;
				INFOPLIST_FILE = "Seeking FBB/Info.plist";
				LD_RUNPATH_SEARCH_PATHS = (
					"$(inherited)",
					"@executable_path/Frameworks",
				);
				PRODUCT_BUNDLE_IDENTIFIER = "com.glathocom.Seeking-FBB";
				PRODUCT_NAME = "$(TARGET_NAME)";
				SWIFT_VERSION = 5.0;
				TARGETED_DEVICE_FAMILY = "1,2";
			};
			name = Debug;
		};
		136E836B24830B5100EAE41D /* Release */ = {
			isa = XCBuildConfiguration;
			buildSettings = {
				ASSETCATALOG_COMPILER_APPICON_NAME = AppIcon;
				CODE_SIGN_STYLE = Automatic;
				DEVELOPMENT_TEAM = LJ45VYMT6A;
				INFOPLIST_FILE = "Seeking FBB/Info.plist";
				LD_RUNPATH_SEARCH_PATHS = (
					"$(inherited)",
					"@executable_path/Frameworks",
				);
				PRODUCT_BUNDLE_IDENTIFIER = "com.glathocom.Seeking-FBB";
				PRODUCT_NAME = "$(TARGET_NAME)";
				SWIFT_VERSION = 5.0;
				TARGETED_DEVICE_FAMILY = "1,2";
			};
			name = Release;
		};
/* End XCBuildConfiguration section */

/* Begin XCConfigurationList section */
		136E835024830B4900EAE41D /* Build configuration list for PBXProject "Seeking FBB" */ = {
			isa = XCConfigurationList;
			buildConfigurations = (
				136E836724830B5100EAE41D /* Debug */,
				136E836824830B5100EAE41D /* Release */,
			);
			defaultConfigurationIsVisible = 0;
			defaultConfigurationName = Release;
		};
		136E836924830B5100EAE41D /* Build configuration list for PBXNativeTarget "Seeking FBB" */ = {
			isa = XCConfigurationList;
			buildConfigurations = (
				136E836A24830B5100EAE41D /* Debug */,
				136E836B24830B5100EAE41D /* Release */,
			);
			defaultConfigurationIsVisible = 0;
			defaultConfigurationName = Release;
		};
/* End XCConfigurationList section */
	};
	rootObject = 136E834D24830B4900EAE41D /* Project object */;
}
